{
  "R": {
    "Version": "4.1.2",
    "Repositories": [
      {
        "Name": "CRAN",
        "URL": "https://cloud.r-project.org"
      }
    ]
  },
  "Packages": {
    "R6": {
      "Package": "R6",
      "Version": "2.5.1",
      "Source": "Repository",
      "Repository": "CRAN",
      "Hash": "470851b6d5d0ac559e9d01bb352b4021",
      "Requirements": []
    },
    "Rcpp": {
      "Package": "Rcpp",
      "Version": "1.0.12",
      "Source": "Repository",
      "Repository": "CRAN",
      "Hash": "5ea2700d21e038ace58269ecdbeb9ec0",
      "Requirements": []
    },
    "base64enc": {
      "Package": "base64enc",
      "Version": "0.1-3",
      "Source": "Repository",
      "Repository": "CRAN",
      "Hash": "543776ae6848fde2f48ff3816d0628bc",
      "Requirements": []
    },
    "bslib": {
      "Package": "bslib",
      "Version": "0.7.0",
      "Source": "Repository",
      "Repository": "CRAN",
      "Hash": "8644cc53f43828f19133548195d7e59e",
      "Requirements": [
        "base64enc",
        "cachem",
        "fastmap",
        "htmltools",
        "jquerylib",
        "jsonlite",
        "lifecycle",
        "memoise",
        "mime",
        "rlang",
        "sass"
      ]
    },
    "cachem": {
      "Package": "cachem",
      "Version": "1.0.8",
      "Source": "Repository",
      "Repository": "CRAN",
      "Hash": "c35768291560ce302c0a6589f92e837d",
      "Requirements": [
        "fastmap",
        "rlang"
      ]
    },
    "cli": {
      "Package": "cli",
      "Version": "3.6.2",
      "Source": "Repository",
      "Repository": "CRAN",
      "Hash": "1216ac65ac55ec0058a6f75d7ca0fd52",
      "Requirements": []
    },
    "commonmark": {
      "Package": "commonmark",
      "Version": "1.9.1",
      "Source": "Repository",
      "Repository": "CRAN",
      "Hash": "5d8225445acb167abf7797de48b2ee3c",
      "Requirements": []
    },
    "crayon": {
      "Package": "crayon",
      "Version": "1.5.2",
      "Source": "Repository",
      "Repository": "CRAN",
      "Hash": "e8a1e41acf02548751f45c718d55aa6a",
      "Requirements": []
    },
    "digest": {
      "Package": "digest",
      "Version": "0.6.35",
      "Source": "CRAN",
      "Repository": "CRAN",
      "RemoteType": "standard",
      "RemotePkgRef": "digest",
      "RemoteRef": "digest",
      "RemoteRepos": "https://cloud.r-project.org",
      "RemoteReposName": "CRAN",
      "RemotePkgPlatform": "source",
      "RemoteSha": "0.6.35",
      "Hash": "698ece7ba5a4fa4559e3d537e7ec3d31",
      "Requirements": []
    },
    "fastmap": {
      "Package": "fastmap",
      "Version": "1.1.1",
      "Source": "Repository",
      "Repository": "CRAN",
      "Hash": "f7736a18de97dea803bde0a2daaafb27",
      "Requirements": []
    },
    "fontawesome": {
      "Package": "fontawesome",
      "Version": "0.5.2.9000",
      "Source": "GitHub",
      "RemoteType": "github",
      "RemoteHost": "api.github.com",
      "RemoteRepo": "fontawesome",
      "RemoteUsername": "rstudio",
      "RemoteRef": "HEAD",
      "RemoteSha": "32617f7c9d5bbc03f1b37d7f2cf5b3e87b85bfc1",
      "Hash": "05d930fdf8937a77853f474607c8e3f6",
      "Requirements": [
        "htmltools",
        "rlang"
      ]
    },
    "fs": {
      "Package": "fs",
      "Version": "1.6.3",
      "Source": "Repository",
      "Repository": "CRAN",
      "Hash": "47b5f30c720c23999b913a1a635cf0bb",
      "Requirements": []
    },
    "glue": {
      "Package": "glue",
      "Version": "1.7.0",
      "Source": "Repository",
      "Repository": "CRAN",
      "Hash": "e0b3a53876554bd45879e596cdb10a52",
      "Requirements": []
    },
    "htmltools": {
      "Package": "htmltools",
      "Version": "0.5.8.1",
      "Source": "Repository",
      "Repository": "CRAN",
      "Hash": "81d371a9cc60640e74e4ab6ac46dcedc",
      "Requirements": [
        "base64enc",
        "digest",
        "fastmap",
        "rlang"
      ]
    },
    "httpuv": {
      "Package": "httpuv",
      "Version": "1.6.15",
      "Source": "Repository",
      "Repository": "CRAN",
      "Hash": "d55aa087c47a63ead0f6fc10f8fa1ee0",
      "Requirements": [
        "R6",
        "Rcpp",
        "later",
        "promises"
      ]
    },
    "jquerylib": {
      "Package": "jquerylib",
      "Version": "0.1.4",
      "Source": "Repository",
      "Repository": "CRAN",
      "Hash": "5aab57a3bd297eee1c1d862735972182",
      "Requirements": [
        "htmltools"
      ]
    },
    "jsonlite": {
      "Package": "jsonlite",
      "Version": "1.8.8",
      "Source": "Repository",
      "Repository": "CRAN",
      "Hash": "e1b9c55281c5adc4dd113652d9e26768",
      "Requirements": []
    },
    "later": {
      "Package": "later",
      "Version": "1.3.2",
      "Source": "Repository",
      "Repository": "CRAN",
      "Hash": "a3e051d405326b8b0012377434c62b37",
      "Requirements": [
        "Rcpp",
        "rlang"
      ]
    },
    "lifecycle": {
      "Package": "lifecycle",
      "Version": "1.0.4",
      "Source": "Repository",
      "Repository": "CRAN",
      "Hash": "b8552d117e1b808b09a832f589b79035",
      "Requirements": [
        "cli",
        "glue",
        "rlang"
      ]
    },
    "magrittr": {
      "Package": "magrittr",
      "Version": "2.0.3",
      "Source": "Repository",
      "Repository": "CRAN",
      "Hash": "7ce2733a9826b3aeb1775d56fd305472",
      "Requirements": []
    },
    "memoise": {
      "Package": "memoise",
      "Version": "2.0.1",
      "Source": "Repository",
      "Repository": "CRAN",
      "Hash": "e2817ccf4a065c5d9d7f2cfbe7c1d78c",
      "Requirements": [
        "cachem",
        "rlang"
      ]
    },
    "mime": {
      "Package": "mime",
      "Version": "0.12",
      "Source": "Repository",
      "Repository": "CRAN",
      "Hash": "18e9c28c1d3ca1560ce30658b22ce104",
      "Requirements": []
    },
    "promises": {
      "Package": "promises",
      "Version": "1.3.0",
      "Source": "Repository",
      "Repository": "CRAN",
      "Hash": "434cd5388a3979e74be5c219bcd6e77d",
      "Requirements": [
        "R6",
        "Rcpp",
        "fastmap",
        "later",
        "magrittr",
        "rlang"
      ]
    },
    "rappdirs": {
      "Package": "rappdirs",
      "Version": "0.3.3",
      "Source": "Repository",
      "Repository": "CRAN",
      "Hash": "5e3c5dc0b071b21fa128676560dbe94d",
      "Requirements": []
    },
    "renv": {
      "Package": "renv",
      "Version": "0.15.5",
      "Source": "Repository",
      "Repository": "CRAN",
      "Hash": "6a38294e7d12f5d8e656b08c5bd8ae34",
      "Requirements": []
    },
    "rlang": {
      "Package": "rlang",
      "Version": "1.1.3",
      "Source": "Repository",
      "Repository": "CRAN",
      "Hash": "42548638fae05fd9a9b5f3f437fbbbe2",
      "Requirements": []
    },
    "sass": {
      "Package": "sass",
      "Version": "0.4.9",
      "Source": "Repository",
      "Repository": "CRAN",
      "Hash": "d53dbfddf695303ea4ad66f86e99b95d",
      "Requirements": [
        "R6",
        "fs",
        "htmltools",
        "rappdirs",
        "rlang"
      ]
    },
    "shiny": {
      "Package": "shiny",
      "Version": "1.8.1.1",
      "Source": "Repository",
      "Repository": "CRAN",
      "Hash": "54b26646816af9960a4c64d8ceec75d6",
      "Requirements": [
        "R6",
        "bslib",
        "cachem",
        "commonmark",
        "crayon",
        "fastmap",
        "fontawesome",
        "glue",
        "htmltools",
        "httpuv",
        "jsonlite",
        "later",
        "lifecycle",
        "mime",
        "promises",
        "rlang",
        "sourcetools",
        "withr",
        "xtable"
      ]
    },
    "sourcetools": {
      "Package": "sourcetools",
      "Version": "0.1.7-1",
      "Source": "Repository",
      "Repository": "CRAN",
      "Hash": "5f5a7629f956619d519205ec475fe647",
      "Requirements": []
    },
    "withr": {
      "Package": "withr",
      "Version": "3.0.0",
      "Source": "Repository",
      "Repository": "CRAN",
      "Hash": "d31b6c62c10dcf11ec530ca6b0dd5d35",
      "Requirements": []
    },
    "xtable": {
      "Package": "xtable",
      "Version": "1.8-4",
      "Source": "Repository",
      "Repository": "CRAN",
      "Hash": "b8acdf8af494d9ec19ccb2481a9b11c2",
      "Requirements": []
    }
  }
}
